// !$*UTF8*$!
{
	archiveVersion = 1;
	classes = {
	};
	objectVersion = 50;
	objects = {

/* Begin PBXBuildFile section */
		1D6AE9A721F5BCBD004BE9FE /* DataOperator.swift in Sources */ = {isa = PBXBuildFile; fileRef = 1D6AE9A621F5BCBD004BE9FE /* DataOperator.swift */; };
		AB8AF69321EBAE3C00746323 /* AppDelegate.swift in Sources */ = {isa = PBXBuildFile; fileRef = AB8AF69221EBAE3C00746323 /* AppDelegate.swift */; };
		AB8AF69521EBAE3C00746323 /* MainViewController.swift in Sources */ = {isa = PBXBuildFile; fileRef = AB8AF69421EBAE3C00746323 /* MainViewController.swift */; };
		AB8AF69821EBAE3C00746323 /* Main.storyboard in Resources */ = {isa = PBXBuildFile; fileRef = AB8AF69621EBAE3C00746323 /* Main.storyboard */; };
		AB8AF69A21EBAE3D00746323 /* Assets.xcassets in Resources */ = {isa = PBXBuildFile; fileRef = AB8AF69921EBAE3D00746323 /* Assets.xcassets */; };
		AB8AF69D21EBAE3D00746323 /* LaunchScreen.storyboard in Resources */ = {isa = PBXBuildFile; fileRef = AB8AF69B21EBAE3D00746323 /* LaunchScreen.storyboard */; };
		AB8AF6A821EBB4ED00746323 /* RootViewController.swift in Sources */ = {isa = PBXBuildFile; fileRef = AB8AF6A521EBB4ED00746323 /* RootViewController.swift */; };
		AB8AF6A921EBB4ED00746323 /* DrawerController.swift in Sources */ = {isa = PBXBuildFile; fileRef = AB8AF6A621EBB4ED00746323 /* DrawerController.swift */; };
		AB8AF6AA21EBB4ED00746323 /* MenuViewController.swift in Sources */ = {isa = PBXBuildFile; fileRef = AB8AF6A721EBB4ED00746323 /* MenuViewController.swift */; };
		AB8AF6AE21EBB99A00746323 /* URLConstants.swift in Sources */ = {isa = PBXBuildFile; fileRef = AB8AF6AC21EBB99A00746323 /* URLConstants.swift */; };
		AB8AF6AF21EBB99A00746323 /* WebserviceManager.swift in Sources */ = {isa = PBXBuildFile; fileRef = AB8AF6AD21EBB99A00746323 /* WebserviceManager.swift */; };
		ABEB11AD21F4E0E60078075C /* CategoriesAndProducts.swift in Sources */ = {isa = PBXBuildFile; fileRef = ABEB11AC21F4E0E60078075C /* CategoriesAndProducts.swift */; };
/* End PBXBuildFile section */

/* Begin PBXFileReference section */
		1D6AE9A621F5BCBD004BE9FE /* DataOperator.swift */ = {isa = PBXFileReference; lastKnownFileType = sourcecode.swift; path = DataOperator.swift; sourceTree = "<group>"; };
		AB8AF68F21EBAE3C00746323 /* HeadyEcommerce.app */ = {isa = PBXFileReference; explicitFileType = wrapper.application; includeInIndex = 0; path = HeadyEcommerce.app; sourceTree = BUILT_PRODUCTS_DIR; };
		AB8AF69221EBAE3C00746323 /* AppDelegate.swift */ = {isa = PBXFileReference; lastKnownFileType = sourcecode.swift; path = AppDelegate.swift; sourceTree = "<group>"; };
		AB8AF69421EBAE3C00746323 /* MainViewController.swift */ = {isa = PBXFileReference; lastKnownFileType = sourcecode.swift; path = MainViewController.swift; sourceTree = "<group>"; };
		AB8AF69721EBAE3C00746323 /* Base */ = {isa = PBXFileReference; lastKnownFileType = file.storyboard; name = Base; path = Base.lproj/Main.storyboard; sourceTree = "<group>"; };
		AB8AF69921EBAE3D00746323 /* Assets.xcassets */ = {isa = PBXFileReference; lastKnownFileType = folder.assetcatalog; path = Assets.xcassets; sourceTree = "<group>"; };
		AB8AF69C21EBAE3D00746323 /* Base */ = {isa = PBXFileReference; lastKnownFileType = file.storyboard; name = Base; path = Base.lproj/LaunchScreen.storyboard; sourceTree = "<group>"; };
		AB8AF69E21EBAE3D00746323 /* Info.plist */ = {isa = PBXFileReference; lastKnownFileType = text.plist.xml; path = Info.plist; sourceTree = "<group>"; };
		AB8AF6A521EBB4ED00746323 /* RootViewController.swift */ = {isa = PBXFileReference; fileEncoding = 4; lastKnownFileType = sourcecode.swift; path = RootViewController.swift; sourceTree = "<group>"; };
		AB8AF6A621EBB4ED00746323 /* DrawerController.swift */ = {isa = PBXFileReference; fileEncoding = 4; lastKnownFileType = sourcecode.swift; path = DrawerController.swift; sourceTree = "<group>"; };
		AB8AF6A721EBB4ED00746323 /* MenuViewController.swift */ = {isa = PBXFileReference; fileEncoding = 4; lastKnownFileType = sourcecode.swift; path = MenuViewController.swift; sourceTree = "<group>"; };
		AB8AF6AC21EBB99A00746323 /* URLConstants.swift */ = {isa = PBXFileReference; fileEncoding = 4; lastKnownFileType = sourcecode.swift; path = URLConstants.swift; sourceTree = "<group>"; };
		AB8AF6AD21EBB99A00746323 /* WebserviceManager.swift */ = {isa = PBXFileReference; fileEncoding = 4; lastKnownFileType = sourcecode.swift; path = WebserviceManager.swift; sourceTree = "<group>"; };
		ABEB11AC21F4E0E60078075C /* CategoriesAndProducts.swift */ = {isa = PBXFileReference; lastKnownFileType = sourcecode.swift; path = CategoriesAndProducts.swift; sourceTree = "<group>"; };
/* End PBXFileReference section */

/* Begin PBXFrameworksBuildPhase section */
		AB8AF68C21EBAE3C00746323 /* Frameworks */ = {
			isa = PBXFrameworksBuildPhase;
			buildActionMask = 2147483647;
			files = (
			);
			runOnlyForDeploymentPostprocessing = 0;
		};
/* End PBXFrameworksBuildPhase section */

/* Begin PBXGroup section */
		1D6AE9A521F5A8A6004BE9FE /* Models */ = {
			isa = PBXGroup;
			children = (
				ABEB11AC21F4E0E60078075C /* CategoriesAndProducts.swift */,
			);
			path = Models;
			sourceTree = "<group>";
		};
		AB8AF68621EBAE3C00746323 = {
			isa = PBXGroup;
			children = (
				AB8AF69121EBAE3C00746323 /* HeadyEcommerce */,
				AB8AF69021EBAE3C00746323 /* Products */,
			);
			sourceTree = "<group>";
		};
		AB8AF69021EBAE3C00746323 /* Products */ = {
			isa = PBXGroup;
			children = (
				AB8AF68F21EBAE3C00746323 /* HeadyEcommerce.app */,
			);
			name = Products;
			sourceTree = "<group>";
		};
		AB8AF69121EBAE3C00746323 /* HeadyEcommerce */ = {
			isa = PBXGroup;
			children = (
				1D6AE9A521F5A8A6004BE9FE /* Models */,
				AB8AF6AB21EBB94E00746323 /* Networking */,
				AB8AF6A421EBB4D200746323 /* Drawer */,
				AB8AF69221EBAE3C00746323 /* AppDelegate.swift */,
				AB8AF69421EBAE3C00746323 /* MainViewController.swift */,
				1D6AE9A621F5BCBD004BE9FE /* DataOperator.swift */,
				AB8AF69621EBAE3C00746323 /* Main.storyboard */,
				AB8AF69921EBAE3D00746323 /* Assets.xcassets */,
				AB8AF69B21EBAE3D00746323 /* LaunchScreen.storyboard */,
				AB8AF69E21EBAE3D00746323 /* Info.plist */,
			);
			path = HeadyEcommerce;
			sourceTree = "<group>";
		};
		AB8AF6A421EBB4D200746323 /* Drawer */ = {
			isa = PBXGroup;
			children = (
				AB8AF6A621EBB4ED00746323 /* DrawerController.swift */,
				AB8AF6A721EBB4ED00746323 /* MenuViewController.swift */,
				AB8AF6A521EBB4ED00746323 /* RootViewController.swift */,
			);
			path = Drawer;
			sourceTree = "<group>";
		};
		AB8AF6AB21EBB94E00746323 /* Networking */ = {
			isa = PBXGroup;
			children = (
				AB8AF6AC21EBB99A00746323 /* URLConstants.swift */,
				AB8AF6AD21EBB99A00746323 /* WebserviceManager.swift */,
			);
			path = Networking;
			sourceTree = "<group>";
		};
/* End PBXGroup section */

/* Begin PBXNativeTarget section */
		AB8AF68E21EBAE3C00746323 /* HeadyEcommerce */ = {
			isa = PBXNativeTarget;
			buildConfigurationList = AB8AF6A121EBAE3D00746323 /* Build configuration list for PBXNativeTarget "HeadyEcommerce" */;
			buildPhases = (
				AB8AF68B21EBAE3C00746323 /* Sources */,
				AB8AF68C21EBAE3C00746323 /* Frameworks */,
				AB8AF68D21EBAE3C00746323 /* Resources */,
			);
			buildRules = (
			);
			dependencies = (
			);
			name = HeadyEcommerce;
			productName = HeadyEcommerce;
			productReference = AB8AF68F21EBAE3C00746323 /* HeadyEcommerce.app */;
			productType = "com.apple.product-type.application";
		};
/* End PBXNativeTarget section */

/* Begin PBXProject section */
		AB8AF68721EBAE3C00746323 /* Project object */ = {
			isa = PBXProject;
			attributes = {
				LastSwiftUpdateCheck = 1010;
				LastUpgradeCheck = 1010;
				ORGANIZATIONNAME = Heady;
				TargetAttributes = {
					AB8AF68E21EBAE3C00746323 = {
						CreatedOnToolsVersion = 10.1;
					};
				};
			};
			buildConfigurationList = AB8AF68A21EBAE3C00746323 /* Build configuration list for PBXProject "HeadyEcommerce" */;
			compatibilityVersion = "Xcode 9.3";
			developmentRegion = en;
			hasScannedForEncodings = 0;
			knownRegions = (
				en,
				Base,
			);
			mainGroup = AB8AF68621EBAE3C00746323;
			productRefGroup = AB8AF69021EBAE3C00746323 /* Products */;
			projectDirPath = "";
			projectRoot = "";
			targets = (
				AB8AF68E21EBAE3C00746323 /* HeadyEcommerce */,
			);
		};
/* End PBXProject section */

/* Begin PBXResourcesBuildPhase section */
		AB8AF68D21EBAE3C00746323 /* Resources */ = {
			isa = PBXResourcesBuildPhase;
			buildActionMask = 2147483647;
			files = (
				AB8AF69D21EBAE3D00746323 /* LaunchScreen.storyboard in Resources */,
				AB8AF69A21EBAE3D00746323 /* Assets.xcassets in Resources */,
				AB8AF69821EBAE3C00746323 /* Main.storyboard in Resources */,
			);
			runOnlyForDeploymentPostprocessing = 0;
		};
/* End PBXResourcesBuildPhase section */

/* Begin PBXSourcesBuildPhase section */
		AB8AF68B21EBAE3C00746323 /* Sources */ = {
			isa = PBXSourcesBuildPhase;
			buildActionMask = 2147483647;
			files = (
				AB8AF6AF21EBB99A00746323 /* WebserviceManager.swift in Sources */,
				ABEB11AD21F4E0E60078075C /* CategoriesAndProducts.swift in Sources */,
				AB8AF69521EBAE3C00746323 /* MainViewController.swift in Sources */,
				AB8AF6AA21EBB4ED00746323 /* MenuViewController.swift in Sources */,
				AB8AF69321EBAE3C00746323 /* AppDelegate.swift in Sources */,
				AB8AF6AE21EBB99A00746323 /* URLConstants.swift in Sources */,
				AB8AF6A921EBB4ED00746323 /* DrawerController.swift in Sources */,
				1D6AE9A721F5BCBD004BE9FE /* DataOperator.swift in Sources */,
				AB8AF6A821EBB4ED00746323 /* RootViewController.swift in Sources */,
			);
			runOnlyForDeploymentPostprocessing = 0;
		};
/* End PBXSourcesBuildPhase section */

/* Begin PBXVariantGroup section */
		AB8AF69621EBAE3C00746323 /* Main.storyboard */ = {
			isa = PBXVariantGroup;
			children = (
				AB8AF69721EBAE3C00746323 /* Base */,
			);
			name = Main.storyboard;
			sourceTree = "<group>";
		};
		AB8AF69B21EBAE3D00746323 /* LaunchScreen.storyboard */ = {
			isa = PBXVariantGroup;
			children = (
				AB8AF69C21EBAE3D00746323 /* Base */,
			);
			name = LaunchScreen.storyboard;
			sourceTree = "<group>";
		};
/* End PBXVariantGroup section */

/* Begin XCBuildConfiguration section */
		AB8AF69F21EBAE3D00746323 /* Debug */ = {
			isa = XCBuildConfiguration;
			buildSettings = {
				ALWAYS_SEARCH_USER_PATHS = NO;
				CLANG_ANALYZER_NONNULL = YES;
				CLANG_ANALYZER_NUMBER_OBJECT_CONVERSION = YES_AGGRESSIVE;
				CLANG_CXX_LANGUAGE_STANDARD = "gnu++14";
				CLANG_CXX_LIBRARY = "libc++";
				CLANG_ENABLE_MODULES = YES;
				CLANG_ENABLE_OBJC_ARC = YES;
				CLANG_ENABLE_OBJC_WEAK = YES;
				CLANG_WARN_BLOCK_CAPTURE_AUTORELEASING = YES;
				CLANG_WARN_BOOL_CONVERSION = YES;
				CLANG_WARN_COMMA = YES;
				CLANG_WARN_CONSTANT_CONVERSION = YES;
				CLANG_WARN_DEPRECATED_OBJC_IMPLEMENTATIONS = YES;
				CLANG_WARN_DIRECT_OBJC_ISA_USAGE = YES_ERROR;
				CLANG_WARN_DOCUMENTATION_COMMENTS = YES;
				CLANG_WARN_EMPTY_BODY = YES;
				CLANG_WARN_ENUM_CONVERSION = YES;
				CLANG_WARN_INFINITE_RECURSION = YES;
				CLANG_WARN_INT_CONVERSION = YES;
				CLANG_WARN_NON_LITERAL_NULL_CONVERSION = YES;
				CLANG_WARN_OBJC_IMPLICIT_RETAIN_SELF = YES;
				CLANG_WARN_OBJC_LITERAL_CONVERSION = YES;
				CLANG_WARN_OBJC_ROOT_CLASS = YES_ERROR;
				CLANG_WARN_RANGE_LOOP_ANALYSIS = YES;
				CLANG_WARN_STRICT_PROTOTYPES = YES;
				CLANG_WARN_SUSPICIOUS_MOVE = YES;
				CLANG_WARN_UNGUARDED_AVAILABILITY = YES_AGGRESSIVE;
				CLANG_WARN_UNREACHABLE_CODE = YES;
				CLANG_WARN__DUPLICATE_METHOD_MATCH = YES;
				CODE_SIGN_IDENTITY = "iPhone Developer";
				COPY_PHASE_STRIP = NO;
				DEBUG_INFORMATION_FORMAT = dwarf;
				ENABLE_STRICT_OBJC_MSGSEND = YES;
				ENABLE_TESTABILITY = YES;
				GCC_C_LANGUAGE_STANDARD = gnu11;
				GCC_DYNAMIC_NO_PIC = NO;
				GCC_NO_COMMON_BLOCKS = YES;
				GCC_OPTIMIZATION_LEVEL = 0;
				GCC_PREPROCESSOR_DEFINITIONS = (
					"DEBUG=1",
					"$(inherited)",
				);
				GCC_WARN_64_TO_32_BIT_CONVERSION = YES;
				GCC_WARN_ABOUT_RETURN_TYPE = YES_ERROR;
				GCC_WARN_UNDECLARED_SELECTOR = YES;
				GCC_WARN_UNINITIALIZED_AUTOS = YES_AGGRESSIVE;
				GCC_WARN_UNUSED_FUNCTION = YES;
				GCC_WARN_UNUSED_VARIABLE = YES;
				IPHONEOS_DEPLOYMENT_TARGET = 12.1;
				MTL_ENABLE_DEBUG_INFO = INCLUDE_SOURCE;
				MTL_FAST_MATH = YES;
				ONLY_ACTIVE_ARCH = YES;
				SDKROOT = iphoneos;
				SWIFT_ACTIVE_COMPILATION_CONDITIONS = DEBUG;
				SWIFT_OPTIMIZATION_LEVEL = "-Onone";
			};
			name = Debug;
		};
		AB8AF6A021EBAE3D00746323 /* Release */ = {
			isa = XCBuildConfiguration;
			buildSettings = {
				ALWAYS_SEARCH_USER_PATHS = NO;
				CLANG_ANALYZER_NONNULL = YES;
				CLANG_ANALYZER_NUMBER_OBJECT_CONVERSION = YES_AGGRESSIVE;
				CLANG_CXX_LANGUAGE_STANDARD = "gnu++14";
				CLANG_CXX_LIBRARY = "libc++";
				CLANG_ENABLE_MODULES = YES;
				CLANG_ENABLE_OBJC_ARC = YES;
				CLANG_ENABLE_OBJC_WEAK = YES;
				CLANG_WARN_BLOCK_CAPTURE_AUTORELEASING = YES;
				CLANG_WARN_BOOL_CONVERSION = YES;
				CLANG_WARN_COMMA = YES;
				CLANG_WARN_CONSTANT_CONVERSION = YES;
				CLANG_WARN_DEPRECATED_OBJC_IMPLEMENTATIONS = YES;
				CLANG_WARN_DIRECT_OBJC_ISA_USAGE = YES_ERROR;
				CLANG_WARN_DOCUMENTATION_COMMENTS = YES;
				CLANG_WARN_EMPTY_BODY = YES;
				CLANG_WARN_ENUM_CONVERSION = YES;
				CLANG_WARN_INFINITE_RECURSION = YES;
				CLANG_WARN_INT_CONVERSION = YES;
				CLANG_WARN_NON_LITERAL_NULL_CONVERSION = YES;
				CLANG_WARN_OBJC_IMPLICIT_RETAIN_SELF = YES;
				CLANG_WARN_OBJC_LITERAL_CONVERSION = YES;
				CLANG_WARN_OBJC_ROOT_CLASS = YES_ERROR;
				CLANG_WARN_RANGE_LOOP_ANALYSIS = YES;
				CLANG_WARN_STRICT_PROTOTYPES = YES;
				CLANG_WARN_SUSPICIOUS_MOVE = YES;
				CLANG_WARN_UNGUARDED_AVAILABILITY = YES_AGGRESSIVE;
				CLANG_WARN_UNREACHABLE_CODE = YES;
				CLANG_WARN__DUPLICATE_METHOD_MATCH = YES;
				CODE_SIGN_IDENTITY = "iPhone Developer";
				COPY_PHASE_STRIP = NO;
				DEBUG_INFORMATION_FORMAT = "dwarf-with-dsym";
				ENABLE_NS_ASSERTIONS = NO;
				ENABLE_STRICT_OBJC_MSGSEND = YES;
				GCC_C_LANGUAGE_STANDARD = gnu11;
				GCC_NO_COMMON_BLOCKS = YES;
				GCC_WARN_64_TO_32_BIT_CONVERSION = YES;
				GCC_WARN_ABOUT_RETURN_TYPE = YES_ERROR;
				GCC_WARN_UNDECLARED_SELECTOR = YES;
				GCC_WARN_UNINITIALIZED_AUTOS = YES_AGGRESSIVE;
				GCC_WARN_UNUSED_FUNCTION = YES;
				GCC_WARN_UNUSED_VARIABLE = YES;
				IPHONEOS_DEPLOYMENT_TARGET = 12.1;
				MTL_ENABLE_DEBUG_INFO = NO;
				MTL_FAST_MATH = YES;
				SDKROOT = iphoneos;
				SWIFT_COMPILATION_MODE = wholemodule;
				SWIFT_OPTIMIZATION_LEVEL = "-O";
				VALIDATE_PRODUCT = YES;
			};
			name = Release;
		};
		AB8AF6A221EBAE3D00746323 /* Debug */ = {
			isa = XCBuildConfiguration;
			buildSettings = {
				ASSETCATALOG_COMPILER_APPICON_NAME = AppIcon;
				CODE_SIGN_STYLE = Automatic;
				INFOPLIST_FILE = HeadyEcommerce/Info.plist;
				LD_RUNPATH_SEARCH_PATHS = (
					"$(inherited)",
					"@executable_path/Frameworks",
				);
				PRODUCT_BUNDLE_IDENTIFIER = com.Heady.HeadyEcommerce;
				PRODUCT_NAME = "$(TARGET_NAME)";
				SWIFT_VERSION = 4.2;
				TARGETED_DEVICE_FAMILY = "1,2";
			};
			name = Debug;
		};
		AB8AF6A321EBAE3D00746323 /* Release */ = {
			isa = XCBuildConfiguration;
			buildSettings = {
				ASSETCATALOG_COMPILER_APPICON_NAME = AppIcon;
				CODE_SIGN_STYLE = Automatic;
				INFOPLIST_FILE = HeadyEcommerce/Info.plist;
				LD_RUNPATH_SEARCH_PATHS = (
					"$(inherited)",
					"@executable_path/Frameworks",
				);
				PRODUCT_BUNDLE_IDENTIFIER = com.Heady.HeadyEcommerce;
				PRODUCT_NAME = "$(TARGET_NAME)";
				SWIFT_VERSION = 4.2;
				TARGETED_DEVICE_FAMILY = "1,2";
			};
			name = Release;
		};
/* End XCBuildConfiguration section */

/* Begin XCConfigurationList section */
		AB8AF68A21EBAE3C00746323 /* Build configuration list for PBXProject "HeadyEcommerce" */ = {
			isa = XCConfigurationList;
			buildConfigurations = (
				AB8AF69F21EBAE3D00746323 /* Debug */,
				AB8AF6A021EBAE3D00746323 /* Release */,
			);
			defaultConfigurationIsVisible = 0;
			defaultConfigurationName = Release;
		};
		AB8AF6A121EBAE3D00746323 /* Build configuration list for PBXNativeTarget "HeadyEcommerce" */ = {
			isa = XCConfigurationList;
			buildConfigurations = (
				AB8AF6A221EBAE3D00746323 /* Debug */,
				AB8AF6A321EBAE3D00746323 /* Release */,
			);
			defaultConfigurationIsVisible = 0;
			defaultConfigurationName = Release;
		};
/* End XCConfigurationList section */
	};
	rootObject = AB8AF68721EBAE3C00746323 /* Project object */;
}
